// !$*UTF8*$!
{
	archiveVersion = 1;
	classes = {
	};
	objectVersion = 50;
	objects = {

/* Begin PBXBuildFile section */
		79242C022283F88300B15708 /* AppDelegate.m in Sources */ = {isa = PBXBuildFile; fileRef = 79242C012283F88300B15708 /* AppDelegate.m */; };
		79242C052283F88300B15708 /* ViewController.m in Sources */ = {isa = PBXBuildFile; fileRef = 79242C042283F88300B15708 /* ViewController.m */; };
		79242C082283F88300B15708 /* Main.storyboard in Resources */ = {isa = PBXBuildFile; fileRef = 79242C062283F88300B15708 /* Main.storyboard */; };
		79242C0A2283F88500B15708 /* Assets.xcassets in Resources */ = {isa = PBXBuildFile; fileRef = 79242C092283F88500B15708 /* Assets.xcassets */; };
		79242C0D2283F88500B15708 /* LaunchScreen.storyboard in Resources */ = {isa = PBXBuildFile; fileRef = 79242C0B2283F88500B15708 /* LaunchScreen.storyboard */; };
		79242C102283F88500B15708 /* main.m in Sources */ = {isa = PBXBuildFile; fileRef = 79242C0F2283F88500B15708 /* main.m */; };
		798200EF2284289A001718F3 /* AFNetworkReachabilityManager.m in Sources */ = {isa = PBXBuildFile; fileRef = 798200E722842899001718F3 /* AFNetworkReachabilityManager.m */; };
		798200F02284289A001718F3 /* ImageResources.bundle in Resources */ = {isa = PBXBuildFile; fileRef = 798200EB2284289A001718F3 /* ImageResources.bundle */; };
		798200F12284289A001718F3 /* XLSlider.m in Sources */ = {isa = PBXBuildFile; fileRef = 798200EC2284289A001718F3 /* XLSlider.m */; };
		798200F22284289A001718F3 /* SGVideoPlayer.m in Sources */ = {isa = PBXBuildFile; fileRef = 798200EE2284289A001718F3 /* SGVideoPlayer.m */; };
		798200F522842922001718F3 /* PlayerViewController.m in Sources */ = {isa = PBXBuildFile; fileRef = 798200F422842922001718F3 /* PlayerViewController.m */; };
		798200F8228429B8001718F3 /* google-help-vr.mp4 in Resources */ = {isa = PBXBuildFile; fileRef = 798200F6228429B7001718F3 /* google-help-vr.mp4 */; };
		798200F9228429B8001718F3 /* i-see-fire.mp4 in Resources */ = {isa = PBXBuildFile; fileRef = 798200F7228429B8001718F3 /* i-see-fire.mp4 */; };
		7982010D22842D1D001718F3 /* OCBarrageTextCell.m in Sources */ = {isa = PBXBuildFile; fileRef = 798200FF22842D1C001718F3 /* OCBarrageTextCell.m */; };
		7982010E22842D1D001718F3 /* OCBarrageDescriptor.m in Sources */ = {isa = PBXBuildFile; fileRef = 7982010022842D1C001718F3 /* OCBarrageDescriptor.m */; };
		7982010F22842D1D001718F3 /* OCBarrageCell.m in Sources */ = {isa = PBXBuildFile; fileRef = 7982010122842D1C001718F3 /* OCBarrageCell.m */; };
		7982011022842D1D001718F3 /* OCBarrageTextDescriptor.m in Sources */ = {isa = PBXBuildFile; fileRef = 7982010322842D1C001718F3 /* OCBarrageTextDescriptor.m */; };
		7982011122842D1D001718F3 /* CALayer+OCBarrage.m in Sources */ = {isa = PBXBuildFile; fileRef = 7982010422842D1C001718F3 /* CALayer+OCBarrage.m */; };
		7982011222842D1D001718F3 /* OCBarrageManager.m in Sources */ = {isa = PBXBuildFile; fileRef = 7982010522842D1C001718F3 /* OCBarrageManager.m */; };
		7982011322842D1D001718F3 /* OCBarrageTrackInfo.m in Sources */ = {isa = PBXBuildFile; fileRef = 7982010622842D1C001718F3 /* OCBarrageTrackInfo.m */; };
		7982011422842D1D001718F3 /* OCBarrageRenderView.m in Sources */ = {isa = PBXBuildFile; fileRef = 7982010A22842D1C001718F3 /* OCBarrageRenderView.m */; };
		986273E714777D7829E40ADA /* libPods-SGPlayerDemo.a in Frameworks */ = {isa = PBXBuildFile; fileRef = 287E47A223882E8938676AF3 /* libPods-SGPlayerDemo.a */; };
/* End PBXBuildFile section */

/* Begin PBXFileReference section */
		287E47A223882E8938676AF3 /* libPods-SGPlayerDemo.a */ = {isa = PBXFileReference; explicitFileType = archive.ar; includeInIndex = 0; path = "libPods-SGPlayerDemo.a"; sourceTree = BUILT_PRODUCTS_DIR; };
		79242BFD2283F88300B15708 /* SGPlayerDemo.app */ = {isa = PBXFileReference; explicitFileType = wrapper.application; includeInIndex = 0; path = SGPlayerDemo.app; sourceTree = BUILT_PRODUCTS_DIR; };
		79242C002283F88300B15708 /* AppDelegate.h */ = {isa = PBXFileReference; lastKnownFileType = sourcecode.c.h; path = AppDelegate.h; sourceTree = "<group>"; };
		79242C012283F88300B15708 /* AppDelegate.m */ = {isa = PBXFileReference; lastKnownFileType = sourcecode.c.objc; path = AppDelegate.m; sourceTree = "<group>"; };
		79242C032283F88300B15708 /* ViewController.h */ = {isa = PBXFileReference; lastKnownFileType = sourcecode.c.h; path = ViewController.h; sourceTree = "<group>"; };
		79242C042283F88300B15708 /* ViewController.m */ = {isa = PBXFileReference; lastKnownFileType = sourcecode.c.objc; path = ViewController.m; sourceTree = "<group>"; };
		79242C072283F88300B15708 /* Base */ = {isa = PBXFileReference; lastKnownFileType = file.storyboard; name = Base; path = Base.lproj/Main.storyboard; sourceTree = "<group>"; };
		79242C092283F88500B15708 /* Assets.xcassets */ = {isa = PBXFileReference; lastKnownFileType = folder.assetcatalog; path = Assets.xcassets; sourceTree = "<group>"; };
		79242C0C2283F88500B15708 /* Base */ = {isa = PBXFileReference; lastKnownFileType = file.storyboard; name = Base; path = Base.lproj/LaunchScreen.storyboard; sourceTree = "<group>"; };
		79242C0E2283F88500B15708 /* Info.plist */ = {isa = PBXFileReference; lastKnownFileType = text.plist.xml; path = Info.plist; sourceTree = "<group>"; };
		79242C0F2283F88500B15708 /* main.m */ = {isa = PBXFileReference; lastKnownFileType = sourcecode.c.objc; path = main.m; sourceTree = "<group>"; };
		798200E622842899001718F3 /* AFNetworkReachabilityManager.h */ = {isa = PBXFileReference; fileEncoding = 4; lastKnownFileType = sourcecode.c.h; path = AFNetworkReachabilityManager.h; sourceTree = "<group>"; };
		798200E722842899001718F3 /* AFNetworkReachabilityManager.m */ = {isa = PBXFileReference; fileEncoding = 4; lastKnownFileType = sourcecode.c.objc; path = AFNetworkReachabilityManager.m; sourceTree = "<group>"; };
		798200EA2284289A001718F3 /* XLSlider.h */ = {isa = PBXFileReference; fileEncoding = 4; lastKnownFileType = sourcecode.c.h; path = XLSlider.h; sourceTree = "<group>"; };
		798200EB2284289A001718F3 /* ImageResources.bundle */ = {isa = PBXFileReference; lastKnownFileType = "wrapper.plug-in"; path = ImageResources.bundle; sourceTree = "<group>"; };
		798200EC2284289A001718F3 /* XLSlider.m */ = {isa = PBXFileReference; fileEncoding = 4; lastKnownFileType = sourcecode.c.objc; path = XLSlider.m; sourceTree = "<group>"; };
		798200ED2284289A001718F3 /* SGVideoPlayer.h */ = {isa = PBXFileReference; fileEncoding = 4; lastKnownFileType = sourcecode.c.h; path = SGVideoPlayer.h; sourceTree = "<group>"; };
		798200EE2284289A001718F3 /* SGVideoPlayer.m */ = {isa = PBXFileReference; fileEncoding = 4; lastKnownFileType = sourcecode.c.objc; path = SGVideoPlayer.m; sourceTree = "<group>"; };
		798200F322842921001718F3 /* PlayerViewController.h */ = {isa = PBXFileReference; fileEncoding = 4; lastKnownFileType = sourcecode.c.h; path = PlayerViewController.h; sourceTree = "<group>"; };
		798200F422842922001718F3 /* PlayerViewController.m */ = {isa = PBXFileReference; fileEncoding = 4; lastKnownFileType = sourcecode.c.objc; path = PlayerViewController.m; sourceTree = "<group>"; };
		798200F6228429B7001718F3 /* google-help-vr.mp4 */ = {isa = PBXFileReference; lastKnownFileType = file; path = "google-help-vr.mp4"; sourceTree = "<group>"; };
		798200F7228429B8001718F3 /* i-see-fire.mp4 */ = {isa = PBXFileReference; lastKnownFileType = file; path = "i-see-fire.mp4"; sourceTree = "<group>"; };
		798200FB22842D1C001718F3 /* CALayer+OCBarrage.h */ = {isa = PBXFileReference; fileEncoding = 4; lastKnownFileType = sourcecode.c.h; path = "CALayer+OCBarrage.h"; sourceTree = "<group>"; };
		798200FC22842D1C001718F3 /* OCBarrageTextDescriptor.h */ = {isa = PBXFileReference; fileEncoding = 4; lastKnownFileType = sourcecode.c.h; path = OCBarrageTextDescriptor.h; sourceTree = "<group>"; };
		798200FD22842D1C001718F3 /* OCBarrageTrackInfo.h */ = {isa = PBXFileReference; fileEncoding = 4; lastKnownFileType = sourcecode.c.h; path = OCBarrageTrackInfo.h; sourceTree = "<group>"; };
		798200FE22842D1C001718F3 /* OCBarrageManager.h */ = {isa = PBXFileReference; fileEncoding = 4; lastKnownFileType = sourcecode.c.h; path = OCBarrageManager.h; sourceTree = "<group>"; };
		798200FF22842D1C001718F3 /* OCBarrageTextCell.m */ = {isa = PBXFileReference; fileEncoding = 4; lastKnownFileType = sourcecode.c.objc; path = OCBarrageTextCell.m; sourceTree = "<group>"; };
		7982010022842D1C001718F3 /* OCBarrageDescriptor.m */ = {isa = PBXFileReference; fileEncoding = 4; lastKnownFileType = sourcecode.c.objc; path = OCBarrageDescriptor.m; sourceTree = "<group>"; };
		7982010122842D1C001718F3 /* OCBarrageCell.m */ = {isa = PBXFileReference; fileEncoding = 4; lastKnownFileType = sourcecode.c.objc; path = OCBarrageCell.m; sourceTree = "<group>"; };
		7982010222842D1C001718F3 /* OCBarrageRenderView.h */ = {isa = PBXFileReference; fileEncoding = 4; lastKnownFileType = sourcecode.c.h; path = OCBarrageRenderView.h; sourceTree = "<group>"; };
		7982010322842D1C001718F3 /* OCBarrageTextDescriptor.m */ = {isa = PBXFileReference; fileEncoding = 4; lastKnownFileType = sourcecode.c.objc; path = OCBarrageTextDescriptor.m; sourceTree = "<group>"; };
		7982010422842D1C001718F3 /* CALayer+OCBarrage.m */ = {isa = PBXFileReference; fileEncoding = 4; lastKnownFileType = sourcecode.c.objc; path = "CALayer+OCBarrage.m"; sourceTree = "<group>"; };
		7982010522842D1C001718F3 /* OCBarrageManager.m */ = {isa = PBXFileReference; fileEncoding = 4; lastKnownFileType = sourcecode.c.objc; path = OCBarrageManager.m; sourceTree = "<group>"; };
		7982010622842D1C001718F3 /* OCBarrageTrackInfo.m */ = {isa = PBXFileReference; fileEncoding = 4; lastKnownFileType = sourcecode.c.objc; path = OCBarrageTrackInfo.m; sourceTree = "<group>"; };
		7982010722842D1C001718F3 /* OCBarrage.h */ = {isa = PBXFileReference; fileEncoding = 4; lastKnownFileType = sourcecode.c.h; path = OCBarrage.h; sourceTree = "<group>"; };
		7982010822842D1C001718F3 /* OCBarrageTextCell.h */ = {isa = PBXFileReference; fileEncoding = 4; lastKnownFileType = sourcecode.c.h; path = OCBarrageTextCell.h; sourceTree = "<group>"; };
		7982010922842D1C001718F3 /* OCBarrageHeader.h */ = {isa = PBXFileReference; fileEncoding = 4; lastKnownFileType = sourcecode.c.h; path = OCBarrageHeader.h; sourceTree = "<group>"; };
		7982010A22842D1C001718F3 /* OCBarrageRenderView.m */ = {isa = PBXFileReference; fileEncoding = 4; lastKnownFileType = sourcecode.c.objc; path = OCBarrageRenderView.m; sourceTree = "<group>"; };
		7982010B22842D1C001718F3 /* OCBarrageCell.h */ = {isa = PBXFileReference; fileEncoding = 4; lastKnownFileType = sourcecode.c.h; path = OCBarrageCell.h; sourceTree = "<group>"; };
		7982010C22842D1C001718F3 /* OCBarrageDescriptor.h */ = {isa = PBXFileReference; fileEncoding = 4; lastKnownFileType = sourcecode.c.h; path = OCBarrageDescriptor.h; sourceTree = "<group>"; };
		81BE536663E8A3557C3FF536 /* Pods-SGPlayerDemo.debug.xcconfig */ = {isa = PBXFileReference; includeInIndex = 1; lastKnownFileType = text.xcconfig; name = "Pods-SGPlayerDemo.debug.xcconfig"; path = "Target Support Files/Pods-SGPlayerDemo/Pods-SGPlayerDemo.debug.xcconfig"; sourceTree = "<group>"; };
		97451D86C85FDFF4829A347A /* Pods-SGPlayerDemo.release.xcconfig */ = {isa = PBXFileReference; includeInIndex = 1; lastKnownFileType = text.xcconfig; name = "Pods-SGPlayerDemo.release.xcconfig"; path = "Target Support Files/Pods-SGPlayerDemo/Pods-SGPlayerDemo.release.xcconfig"; sourceTree = "<group>"; };
/* End PBXFileReference section */

/* Begin PBXFrameworksBuildPhase section */
		79242BFA2283F88300B15708 /* Frameworks */ = {
			isa = PBXFrameworksBuildPhase;
			buildActionMask = 2147483647;
			files = (
				986273E714777D7829E40ADA /* libPods-SGPlayerDemo.a in Frameworks */,
			);
			runOnlyForDeploymentPostprocessing = 0;
		};
/* End PBXFrameworksBuildPhase section */

/* Begin PBXGroup section */
		5C86D7C9E99A091B57192FCF /* Pods */ = {
			isa = PBXGroup;
			children = (
				81BE536663E8A3557C3FF536 /* Pods-SGPlayerDemo.debug.xcconfig */,
				97451D86C85FDFF4829A347A /* Pods-SGPlayerDemo.release.xcconfig */,
			);
			path = Pods;
			sourceTree = "<group>";
		};
		65AFF5895405141C8ABC556E /* Frameworks */ = {
			isa = PBXGroup;
			children = (
				287E47A223882E8938676AF3 /* libPods-SGPlayerDemo.a */,
			);
			name = Frameworks;
			sourceTree = "<group>";
		};
		79242BF42283F88300B15708 = {
			isa = PBXGroup;
			children = (
				79242BFF2283F88300B15708 /* SGPlayerDemo */,
				79242BFE2283F88300B15708 /* Products */,
				5C86D7C9E99A091B57192FCF /* Pods */,
				65AFF5895405141C8ABC556E /* Frameworks */,
			);
			sourceTree = "<group>";
		};
		79242BFE2283F88300B15708 /* Products */ = {
			isa = PBXGroup;
			children = (
				79242BFD2283F88300B15708 /* SGPlayerDemo.app */,
			);
			name = Products;
			sourceTree = "<group>";
		};
		79242BFF2283F88300B15708 /* SGPlayerDemo */ = {
			isa = PBXGroup;
			children = (
				79242C002283F88300B15708 /* AppDelegate.h */,
				79242C012283F88300B15708 /* AppDelegate.m */,
				798200E522842899001718F3 /* Reachability */,
				798200FA22842D1C001718F3 /* OCBarrage */,
				798200E82284289A001718F3 /* SGVideoPlayer */,
				79242C032283F88300B15708 /* ViewController.h */,
				79242C042283F88300B15708 /* ViewController.m */,
				798200F322842921001718F3 /* PlayerViewController.h */,
				798200F422842922001718F3 /* PlayerViewController.m */,
				79242C062283F88300B15708 /* Main.storyboard */,
				79242C092283F88500B15708 /* Assets.xcassets */,
				798200F6228429B7001718F3 /* google-help-vr.mp4 */,
				798200F7228429B8001718F3 /* i-see-fire.mp4 */,
				79242C0B2283F88500B15708 /* LaunchScreen.storyboard */,
				79242C0E2283F88500B15708 /* Info.plist */,
				79242C0F2283F88500B15708 /* main.m */,
			);
			path = SGPlayerDemo;
			sourceTree = "<group>";
		};
		798200E522842899001718F3 /* Reachability */ = {
			isa = PBXGroup;
			children = (
				798200E622842899001718F3 /* AFNetworkReachabilityManager.h */,
				798200E722842899001718F3 /* AFNetworkReachabilityManager.m */,
			);
			path = Reachability;
			sourceTree = "<group>";
		};
		798200E82284289A001718F3 /* SGVideoPlayer */ = {
			isa = PBXGroup;
			children = (
				798200E92284289A001718F3 /* Slider */,
				798200ED2284289A001718F3 /* SGVideoPlayer.h */,
				798200EE2284289A001718F3 /* SGVideoPlayer.m */,
			);
			path = SGVideoPlayer;
			sourceTree = "<group>";
		};
		798200E92284289A001718F3 /* Slider */ = {
			isa = PBXGroup;
			children = (
				798200EA2284289A001718F3 /* XLSlider.h */,
				798200EB2284289A001718F3 /* ImageResources.bundle */,
				798200EC2284289A001718F3 /* XLSlider.m */,
			);
			path = Slider;
			sourceTree = "<group>";
		};
		798200FA22842D1C001718F3 /* OCBarrage */ = {
			isa = PBXGroup;
			children = (
				798200FB22842D1C001718F3 /* CALayer+OCBarrage.h */,
				798200FC22842D1C001718F3 /* OCBarrageTextDescriptor.h */,
				798200FD22842D1C001718F3 /* OCBarrageTrackInfo.h */,
				798200FE22842D1C001718F3 /* OCBarrageManager.h */,
				798200FF22842D1C001718F3 /* OCBarrageTextCell.m */,
				7982010022842D1C001718F3 /* OCBarrageDescriptor.m */,
				7982010122842D1C001718F3 /* OCBarrageCell.m */,
				7982010222842D1C001718F3 /* OCBarrageRenderView.h */,
				7982010322842D1C001718F3 /* OCBarrageTextDescriptor.m */,
				7982010422842D1C001718F3 /* CALayer+OCBarrage.m */,
				7982010522842D1C001718F3 /* OCBarrageManager.m */,
				7982010622842D1C001718F3 /* OCBarrageTrackInfo.m */,
				7982010722842D1C001718F3 /* OCBarrage.h */,
				7982010822842D1C001718F3 /* OCBarrageTextCell.h */,
				7982010922842D1C001718F3 /* OCBarrageHeader.h */,
				7982010A22842D1C001718F3 /* OCBarrageRenderView.m */,
				7982010B22842D1C001718F3 /* OCBarrageCell.h */,
				7982010C22842D1C001718F3 /* OCBarrageDescriptor.h */,
			);
			path = OCBarrage;
			sourceTree = "<group>";
		};
/* End PBXGroup section */

/* Begin PBXNativeTarget section */
		79242BFC2283F88300B15708 /* SGPlayerDemo */ = {
			isa = PBXNativeTarget;
			buildConfigurationList = 79242C132283F88500B15708 /* Build configuration list for PBXNativeTarget "SGPlayerDemo" */;
			buildPhases = (
				B626D1EE7D26E8ACE5DEB204 /* [CP] Check Pods Manifest.lock */,
				79242BF92283F88300B15708 /* Sources */,
				79242BFA2283F88300B15708 /* Frameworks */,
				79242BFB2283F88300B15708 /* Resources */,
			);
			buildRules = (
			);
			dependencies = (
			);
			name = SGPlayerDemo;
			productName = SGPlayerDemo;
			productReference = 79242BFD2283F88300B15708 /* SGPlayerDemo.app */;
			productType = "com.apple.product-type.application";
		};
/* End PBXNativeTarget section */

/* Begin PBXProject section */
		79242BF52283F88300B15708 /* Project object */ = {
			isa = PBXProject;
			attributes = {
				LastUpgradeCheck = 1020;
				ORGANIZATIONNAME = yegail;
				TargetAttributes = {
					79242BFC2283F88300B15708 = {
						CreatedOnToolsVersion = 10.2.1;
					};
				};
			};
			buildConfigurationList = 79242BF82283F88300B15708 /* Build configuration list for PBXProject "SGPlayerDemo" */;
			compatibilityVersion = "Xcode 9.3";
			developmentRegion = en;
			hasScannedForEncodings = 0;
			knownRegions = (
				en,
				Base,
			);
			mainGroup = 79242BF42283F88300B15708;
			productRefGroup = 79242BFE2283F88300B15708 /* Products */;
			projectDirPath = "";
			projectRoot = "";
			targets = (
				79242BFC2283F88300B15708 /* SGPlayerDemo */,
			);
		};
/* End PBXProject section */

/* Begin PBXResourcesBuildPhase section */
		79242BFB2283F88300B15708 /* Resources */ = {
			isa = PBXResourcesBuildPhase;
			buildActionMask = 2147483647;
			files = (
				79242C0D2283F88500B15708 /* LaunchScreen.storyboard in Resources */,
				79242C0A2283F88500B15708 /* Assets.xcassets in Resources */,
				798200F8228429B8001718F3 /* google-help-vr.mp4 in Resources */,
				79242C082283F88300B15708 /* Main.storyboard in Resources */,
				798200F02284289A001718F3 /* ImageResources.bundle in Resources */,
				798200F9228429B8001718F3 /* i-see-fire.mp4 in Resources */,
			);
			runOnlyForDeploymentPostprocessing = 0;
		};
/* End PBXResourcesBuildPhase section */

/* Begin PBXShellScriptBuildPhase section */
		B626D1EE7D26E8ACE5DEB204 /* [CP] Check Pods Manifest.lock */ = {
			isa = PBXShellScriptBuildPhase;
			buildActionMask = 2147483647;
			files = (
			);
			inputFileListPaths = (
			);
			inputPaths = (
				"${PODS_PODFILE_DIR_PATH}/Podfile.lock",
				"${PODS_ROOT}/Manifest.lock",
			);
			name = "[CP] Check Pods Manifest.lock";
			outputFileListPaths = (
			);
			outputPaths = (
				"$(DERIVED_FILE_DIR)/Pods-SGPlayerDemo-checkManifestLockResult.txt",
			);
			runOnlyForDeploymentPostprocessing = 0;
			shellPath = /bin/sh;
			shellScript = "diff \"${PODS_PODFILE_DIR_PATH}/Podfile.lock\" \"${PODS_ROOT}/Manifest.lock\" > /dev/null\nif [ $? != 0 ] ; then\n    # print error to STDERR\n    echo \"error: The sandbox is not in sync with the Podfile.lock. Run 'pod install' or update your CocoaPods installation.\" >&2\n    exit 1\nfi\n# This output is used by Xcode 'outputs' to avoid re-running this script phase.\necho \"SUCCESS\" > \"${SCRIPT_OUTPUT_FILE_0}\"\n";
			showEnvVarsInLog = 0;
		};
/* End PBXShellScriptBuildPhase section */

/* Begin PBXSourcesBuildPhase section */
		79242BF92283F88300B15708 /* Sources */ = {
			isa = PBXSourcesBuildPhase;
			buildActionMask = 2147483647;
			files = (
				7982010F22842D1D001718F3 /* OCBarrageCell.m in Sources */,
				798200F522842922001718F3 /* PlayerViewController.m in Sources */,
				7982011322842D1D001718F3 /* OCBarrageTrackInfo.m in Sources */,
				7982011422842D1D001718F3 /* OCBarrageRenderView.m in Sources */,
				7982011222842D1D001718F3 /* OCBarrageManager.m in Sources */,
				7982010D22842D1D001718F3 /* OCBarrageTextCell.m in Sources */,
				798200F22284289A001718F3 /* SGVideoPlayer.m in Sources */,
				7982010E22842D1D001718F3 /* OCBarrageDescriptor.m in Sources */,
				79242C052283F88300B15708 /* ViewController.m in Sources */,
				79242C102283F88500B15708 /* main.m in Sources */,
				7982011022842D1D001718F3 /* OCBarrageTextDescriptor.m in Sources */,
				7982011122842D1D001718F3 /* CALayer+OCBarrage.m in Sources */,
				798200F12284289A001718F3 /* XLSlider.m in Sources */,
				798200EF2284289A001718F3 /* AFNetworkReachabilityManager.m in Sources */,
				79242C022283F88300B15708 /* AppDelegate.m in Sources */,
			);
			runOnlyForDeploymentPostprocessing = 0;
		};
/* End PBXSourcesBuildPhase section */

/* Begin PBXVariantGroup section */
		79242C062283F88300B15708 /* Main.storyboard */ = {
			isa = PBXVariantGroup;
			children = (
				79242C072283F88300B15708 /* Base */,
			);
			name = Main.storyboard;
			sourceTree = "<group>";
		};
		79242C0B2283F88500B15708 /* LaunchScreen.storyboard */ = {
			isa = PBXVariantGroup;
			children = (
				79242C0C2283F88500B15708 /* Base */,
			);
			name = LaunchScreen.storyboard;
			sourceTree = "<group>";
		};
/* End PBXVariantGroup section */

/* Begin XCBuildConfiguration section */
		79242C112283F88500B15708 /* Debug */ = {
			isa = XCBuildConfiguration;
			buildSettings = {
				ALWAYS_SEARCH_USER_PATHS = NO;
				CLANG_ANALYZER_NONNULL = YES;
				CLANG_ANALYZER_NUMBER_OBJECT_CONVERSION = YES_AGGRESSIVE;
				CLANG_CXX_LANGUAGE_STANDARD = "gnu++14";
				CLANG_CXX_LIBRARY = "libc++";
				CLANG_ENABLE_MODULES = YES;
				CLANG_ENABLE_OBJC_ARC = YES;
				CLANG_ENABLE_OBJC_WEAK = YES;
				CLANG_WARN_BLOCK_CAPTURE_AUTORELEASING = YES;
				CLANG_WARN_BOOL_CONVERSION = YES;
				CLANG_WARN_COMMA = YES;
				CLANG_WARN_CONSTANT_CONVERSION = YES;
				CLANG_WARN_DEPRECATED_OBJC_IMPLEMENTATIONS = YES;
				CLANG_WARN_DIRECT_OBJC_ISA_USAGE = YES_ERROR;
				CLANG_WARN_DOCUMENTATION_COMMENTS = YES;
				CLANG_WARN_EMPTY_BODY = YES;
				CLANG_WARN_ENUM_CONVERSION = YES;
				CLANG_WARN_INFINITE_RECURSION = YES;
				CLANG_WARN_INT_CONVERSION = YES;
				CLANG_WARN_NON_LITERAL_NULL_CONVERSION = YES;
				CLANG_WARN_OBJC_IMPLICIT_RETAIN_SELF = YES;
				CLANG_WARN_OBJC_LITERAL_CONVERSION = YES;
				CLANG_WARN_OBJC_ROOT_CLASS = YES_ERROR;
				CLANG_WARN_RANGE_LOOP_ANALYSIS = YES;
				CLANG_WARN_STRICT_PROTOTYPES = YES;
				CLANG_WARN_SUSPICIOUS_MOVE = YES;
				CLANG_WARN_UNGUARDED_AVAILABILITY = YES_AGGRESSIVE;
				CLANG_WARN_UNREACHABLE_CODE = YES;
				CLANG_WARN__DUPLICATE_METHOD_MATCH = YES;
				CODE_SIGN_IDENTITY = "iPhone Developer";
				COPY_PHASE_STRIP = NO;
				DEBUG_INFORMATION_FORMAT = dwarf;
				ENABLE_STRICT_OBJC_MSGSEND = YES;
				ENABLE_TESTABILITY = YES;
				GCC_C_LANGUAGE_STANDARD = gnu11;
				GCC_DYNAMIC_NO_PIC = NO;
				GCC_NO_COMMON_BLOCKS = YES;
				GCC_OPTIMIZATION_LEVEL = 0;
				GCC_PREPROCESSOR_DEFINITIONS = (
					"DEBUG=1",
					"$(inherited)",
				);
				GCC_WARN_64_TO_32_BIT_CONVERSION = YES;
				GCC_WARN_ABOUT_RETURN_TYPE = YES_ERROR;
				GCC_WARN_UNDECLARED_SELECTOR = YES;
				GCC_WARN_UNINITIALIZED_AUTOS = YES_AGGRESSIVE;
				GCC_WARN_UNUSED_FUNCTION = YES;
				GCC_WARN_UNUSED_VARIABLE = YES;
				IPHONEOS_DEPLOYMENT_TARGET = 12.2;
				MTL_ENABLE_DEBUG_INFO = INCLUDE_SOURCE;
				MTL_FAST_MATH = YES;
				ONLY_ACTIVE_ARCH = YES;
				SDKROOT = iphoneos;
			};
			name = Debug;
		};
		79242C122283F88500B15708 /* Release */ = {
			isa = XCBuildConfiguration;
			buildSettings = {
				ALWAYS_SEARCH_USER_PATHS = NO;
				CLANG_ANALYZER_NONNULL = YES;
				CLANG_ANALYZER_NUMBER_OBJECT_CONVERSION = YES_AGGRESSIVE;
				CLANG_CXX_LANGUAGE_STANDARD = "gnu++14";
				CLANG_CXX_LIBRARY = "libc++";
				CLANG_ENABLE_MODULES = YES;
				CLANG_ENABLE_OBJC_ARC = YES;
				CLANG_ENABLE_OBJC_WEAK = YES;
				CLANG_WARN_BLOCK_CAPTURE_AUTORELEASING = YES;
				CLANG_WARN_BOOL_CONVERSION = YES;
				CLANG_WARN_COMMA = YES;
				CLANG_WARN_CONSTANT_CONVERSION = YES;
				CLANG_WARN_DEPRECATED_OBJC_IMPLEMENTATIONS = YES;
				CLANG_WARN_DIRECT_OBJC_ISA_USAGE = YES_ERROR;
				CLANG_WARN_DOCUMENTATION_COMMENTS = YES;
				CLANG_WARN_EMPTY_BODY = YES;
				CLANG_WARN_ENUM_CONVERSION = YES;
				CLANG_WARN_INFINITE_RECURSION = YES;
				CLANG_WARN_INT_CONVERSION = YES;
				CLANG_WARN_NON_LITERAL_NULL_CONVERSION = YES;
				CLANG_WARN_OBJC_IMPLICIT_RETAIN_SELF = YES;
				CLANG_WARN_OBJC_LITERAL_CONVERSION = YES;
				CLANG_WARN_OBJC_ROOT_CLASS = YES_ERROR;
				CLANG_WARN_RANGE_LOOP_ANALYSIS = YES;
				CLANG_WARN_STRICT_PROTOTYPES = YES;
				CLANG_WARN_SUSPICIOUS_MOVE = YES;
				CLANG_WARN_UNGUARDED_AVAILABILITY = YES_AGGRESSIVE;
				CLANG_WARN_UNREACHABLE_CODE = YES;
				CLANG_WARN__DUPLICATE_METHOD_MATCH = YES;
				CODE_SIGN_IDENTITY = "iPhone Developer";
				COPY_PHASE_STRIP = NO;
				DEBUG_INFORMATION_FORMAT = "dwarf-with-dsym";
				ENABLE_NS_ASSERTIONS = NO;
				ENABLE_STRICT_OBJC_MSGSEND = YES;
				GCC_C_LANGUAGE_STANDARD = gnu11;
				GCC_NO_COMMON_BLOCKS = YES;
				GCC_WARN_64_TO_32_BIT_CONVERSION = YES;
				GCC_WARN_ABOUT_RETURN_TYPE = YES_ERROR;
				GCC_WARN_UNDECLARED_SELECTOR = YES;
				GCC_WARN_UNINITIALIZED_AUTOS = YES_AGGRESSIVE;
				GCC_WARN_UNUSED_FUNCTION = YES;
				GCC_WARN_UNUSED_VARIABLE = YES;
				IPHONEOS_DEPLOYMENT_TARGET = 12.2;
				MTL_ENABLE_DEBUG_INFO = NO;
				MTL_FAST_MATH = YES;
				SDKROOT = iphoneos;
				VALIDATE_PRODUCT = YES;
			};
			name = Release;
		};
		79242C142283F88500B15708 /* Debug */ = {
			isa = XCBuildConfiguration;
			baseConfigurationReference = 81BE536663E8A3557C3FF536 /* Pods-SGPlayerDemo.debug.xcconfig */;
			buildSettings = {
				ASSETCATALOG_COMPILER_APPICON_NAME = AppIcon;
				CODE_SIGN_STYLE = Automatic;
				DEVELOPMENT_TEAM = 46D9KM3A89;
				INFOPLIST_FILE = SGPlayerDemo/Info.plist;
				LD_RUNPATH_SEARCH_PATHS = (
					"$(inherited)",
					"@executable_path/Frameworks",
				);
				PRODUCT_BUNDLE_IDENTIFIER = com.yegail.SGPlayerDemo;
				PRODUCT_NAME = "$(TARGET_NAME)";
				TARGETED_DEVICE_FAMILY = "1,2";
			};
			name = Debug;
		};
		79242C152283F88500B15708 /* Release */ = {
			isa = XCBuildConfiguration;
			baseConfigurationReference = 97451D86C85FDFF4829A347A /* Pods-SGPlayerDemo.release.xcconfig */;
			buildSettings = {
				ASSETCATALOG_COMPILER_APPICON_NAME = AppIcon;
				CODE_SIGN_STYLE = Automatic;
				DEVELOPMENT_TEAM = 46D9KM3A89;
				INFOPLIST_FILE = SGPlayerDemo/Info.plist;
				LD_RUNPATH_SEARCH_PATHS = (
					"$(inherited)",
					"@executable_path/Frameworks",
				);
				PRODUCT_BUNDLE_IDENTIFIER = com.yegail.SGPlayerDemo;
				PRODUCT_NAME = "$(TARGET_NAME)";
				TARGETED_DEVICE_FAMILY = "1,2";
			};
			name = Release;
		};
/* End XCBuildConfiguration section */

/* Begin XCConfigurationList section */
		79242BF82283F88300B15708 /* Build configuration list for PBXProject "SGPlayerDemo" */ = {
			isa = XCConfigurationList;
			buildConfigurations = (
				79242C112283F88500B15708 /* Debug */,
				79242C122283F88500B15708 /* Release */,
			);
			defaultConfigurationIsVisible = 0;
			defaultConfigurationName = Release;
		};
		79242C132283F88500B15708 /* Build configuration list for PBXNativeTarget "SGPlayerDemo" */ = {
			isa = XCConfigurationList;
			buildConfigurations = (
				79242C142283F88500B15708 /* Debug */,
				79242C152283F88500B15708 /* Release */,
			);
			defaultConfigurationIsVisible = 0;
			defaultConfigurationName = Release;
		};
/* End XCConfigurationList section */
	};
	rootObject = 79242BF52283F88300B15708 /* Project object */;
}
